
Microsoft Visual Studio Solution File, Format Version 12.00
# Visual Studio Version 17
VisualStudioVersion = 17.6.33829.357
MinimumVisualStudioVersion = 10.0.40219.1
Project("{FAE04EC0-301F-11D3-BF4B-00C04F79EFBC}") = "LtwoWeb", "LtwoWeb\LtwoWeb.csproj", "{CE3D9ED4-33E3-411D-99B3-877E1AC59281}"
EndProject
Global
	GlobalSection(SolutionConfigurationPlatforms) = preSolution
		Debug|Any CPU = Debug|Any CPU
		Release|Any CPU = Release|Any CPU
	EndGlobalSection
	GlobalSection(ProjectConfigurationPlatforms) = postSolution
		{CE3D9ED4-33E3-411D-99B3-877E1AC59281}.Debug|Any CPU.ActiveCfg = Debug|Any CPU
		{CE3D9ED4-33E3-411D-99B3-877E1AC59281}.Debug|Any CPU.Build.0 = Debug|Any CPU
		{CE3D9ED4-33E3-411D-99B3-877E1AC59281}.Release|Any CPU.ActiveCfg = Release|Any CPU
		{CE3D9ED4-33E3-411D-99B3-877E1AC59281}.Release|Any CPU.Build.0 = Release|Any CPU
	EndGlobalSection
	GlobalSection(SolutionProperties) = preSolution
		HideSolutionNode = FALSE
	EndGlobalSection
	GlobalSection(ExtensibilityGlobals) = postSolution
		SolutionGuid = {0256EA24-CBB2-49DA-87C7-47E95BBFF84A}
	EndGlobalSection
EndGlobal
